
Microsoft Visual Studio Solution File, Format Version 12.00
# Visual Studio Version 17
VisualStudioVersion = 17.13.35913.81 d17.13
MinimumVisualStudioVersion = 10.0.40219.1
Project("{FAE04EC0-301F-11D3-BF4B-00C04F79EFBC}") = "KütüphaneOtomasyonu", "KütüphaneOtomasyonu\KütüphaneOtomasyonu.csproj", "{E4074141-4CAE-44CA-898B-3853A6F5C37A}"
EndProject
Global
	GlobalSection(SolutionConfigurationPlatforms) = preSolution
		Debug|Any CPU = Debug|Any CPU
		Release|Any CPU = Release|Any CPU
	EndGlobalSection
	GlobalSection(ProjectConfigurationPlatforms) = postSolution
		{E4074141-4CAE-44CA-898B-3853A6F5C37A}.Debug|Any CPU.ActiveCfg = Debug|Any CPU
		{E4074141-4CAE-44CA-898B-3853A6F5C37A}.Debug|Any CPU.Build.0 = Debug|Any CPU
		{E4074141-4CAE-44CA-898B-3853A6F5C37A}.Release|Any CPU.ActiveCfg = Release|Any CPU
		{E4074141-4CAE-44CA-898B-3853A6F5C37A}.Release|Any CPU.Build.0 = Release|Any CPU
	EndGlobalSection
	GlobalSection(SolutionProperties) = preSolution
		HideSolutionNode = FALSE
	EndGlobalSection
	GlobalSection(ExtensibilityGlobals) = postSolution
		SolutionGuid = {A3436E9A-49FC-425A-9EC3-1F547038DA3C}
	EndGlobalSection
EndGlobal
